
Microsoft Visual Studio Solution File, Format Version 12.00
# Visual Studio Version 17
VisualStudioVersion = 17.11.35327.3
MinimumVisualStudioVersion = 10.0.40219.1
Project("{FAE04EC0-301F-11D3-BF4B-00C04F79EFBC}") = "Lecc10_Act1_Inc1", "Lecc10_Act1_Inc1\Lecc10_Act1_Inc1.csproj", "{04E0D977-10B0-4FEE-BBEE-174F84B4A962}"
EndProject
Global
	GlobalSection(SolutionConfigurationPlatforms) = preSolution
		Debug|Any CPU = Debug|Any CPU
		Release|Any CPU = Release|Any CPU
	EndGlobalSection
	GlobalSection(ProjectConfigurationPlatforms) = postSolution
		{04E0D977-10B0-4FEE-BBEE-174F84B4A962}.Debug|Any CPU.ActiveCfg = Debug|Any CPU
		{04E0D977-10B0-4FEE-BBEE-174F84B4A962}.Debug|Any CPU.Build.0 = Debug|Any CPU
		{04E0D977-10B0-4FEE-BBEE-174F84B4A962}.Release|Any CPU.ActiveCfg = Release|Any CPU
		{04E0D977-10B0-4FEE-BBEE-174F84B4A962}.Release|Any CPU.Build.0 = Release|Any CPU
	EndGlobalSection
	GlobalSection(SolutionProperties) = preSolution
		HideSolutionNode = FALSE
	EndGlobalSection
	GlobalSection(ExtensibilityGlobals) = postSolution
		SolutionGuid = {D3A5D416-DF1A-4FAE-8A95-6CE845A8B957}
	EndGlobalSection
EndGlobal
